
Microsoft Visual Studio Solution File, Format Version 12.00
# Visual Studio 15
VisualStudioVersion = 15.0.28010.2046
MinimumVisualStudioVersion = 10.0.40219.1
Project("{8BC9CEB8-8B4A-11D0-8D11-00A0C91BC942}") = "GuessingGame", "GuessingGame\GuessingGame.vcxproj", "{D484E34C-8E13-4E91-B9A0-763DAF261BAE}"
EndProject
Global
	GlobalSection(SolutionConfigurationPlatforms) = preSolution
		Debug|x64 = Debug|x64
		Debug|x86 = Debug|x86
		Release|x64 = Release|x64
		Release|x86 = Release|x86
	EndGlobalSection
	GlobalSection(ProjectConfigurationPlatforms) = postSolution
		{D484E34C-8E13-4E91-B9A0-763DAF261BAE}.Debug|x64.ActiveCfg = Debug|x64
		{D484E34C-8E13-4E91-B9A0-763DAF261BAE}.Debug|x64.Build.0 = Debug|x64
		{D484E34C-8E13-4E91-B9A0-763DAF261BAE}.Debug|x86.ActiveCfg = Debug|Win32
		{D484E34C-8E13-4E91-B9A0-763DAF261BAE}.Debug|x86.Build.0 = Debug|Win32
		{D484E34C-8E13-4E91-B9A0-763DAF261BAE}.Release|x64.ActiveCfg = Release|x64
		{D484E34C-8E13-4E91-B9A0-763DAF261BAE}.Release|x64.Build.0 = Release|x64
		{D484E34C-8E13-4E91-B9A0-763DAF261BAE}.Release|x86.ActiveCfg = Release|Win32
		{D484E34C-8E13-4E91-B9A0-763DAF261BAE}.Release|x86.Build.0 = Release|Win32
	EndGlobalSection
	GlobalSection(SolutionProperties) = preSolution
		HideSolutionNode = FALSE
	EndGlobalSection
	GlobalSection(ExtensibilityGlobals) = postSolution
		SolutionGuid = {178AEFF7-6855-459E-BDC9-3C49BD2901FA}
	EndGlobalSection
EndGlobal
